<?xml version="1.0" encoding="utf-8"?>
<Project ToolsVersion="14.0" xmlns="http://schemas.microsoft.com/developer/msbuild/2003">
  <ItemGroup>
    <Filter Include="Resource Files">
      <UniqueIdentifier>{67DA6AB6-F800-4c08-8B7A-83BB121AAD01}</UniqueIdentifier>
      <Extensions>rc;ico;cur;bmp;dlg;rc2;rct;bin;rgs;gif;jpg;jpeg;jpe;resx;tga;tiff;tif;png;wav;mfcribbon-ms</Extensions>
    </Filter>
  </ItemGroup>
  <ItemGroup>
    <ClCompile Include="rsx_decompiler.cpp" />
    <ClCompile Include="rsx_fp_ucode.cpp" />
    <ClCompile Include="rsx_fp_decompiler.cpp" />
    <ClCompile Include="rsx_vp_decompiler.cpp" />
    <ClCompile Include="rsx_vp_ucode.cpp" />
  </ItemGroup>
  <ItemGroup>
    <ClInclude Include="rsx_decompiler.h" />
    <ClInclude Include="cache.h" />
    <ClInclude Include="rsx_fp_ucode.h" />
    <ClInclude Include="rsx_vp_ucode.h" />
    <ClInclude Include="rsx_decompiler_base.h" />
  </ItemGroup>
</Project>