
Microsoft Visual Studio Solution File, Format Version 12.00
# Visual Studio 14
VisualStudioVersion = 14.0.23107.0
MinimumVisualStudioVersion = 10.0.40219.1
Project("{8BC9CEB8-8B4A-11D0-8D11-00A0C91BC942}") = "rsx_program_decompiler", "rsx_program_decompiler\rsx_program_decompiler.vcxproj", "{F7AAD20D-BCFA-4B17-A178-BD8606B4E1FE}"
EndProject
Project("{8BC9CEB8-8B4A-11D0-8D11-00A0C91BC942}") = "rsx_program_decompiler_gui", "rsx_program_decompiler_gui\rsx_program_decompiler_gui.vcxproj", "{9DAF4DF3-0E31-4C55-B367-6992C35F89CE}"
	ProjectSection(ProjectDependencies) = postProject
		{F7AAD20D-BCFA-4B17-A178-BD8606B4E1FE} = {F7AAD20D-BCFA-4B17-A178-BD8606B4E1FE}
	EndProjectSection
EndProject
Global
	GlobalSection(SolutionConfigurationPlatforms) = preSolution
		Debug|ARM = Debug|ARM
		Debug|x64 = Debug|x64
		Debug|x86 = Debug|x86
		Release|ARM = Release|ARM
		Release|x64 = Release|x64
		Release|x86 = Release|x86
	EndGlobalSection
	GlobalSection(ProjectConfigurationPlatforms) = postSolution
		{F7AAD20D-BCFA-4B17-A178-BD8606B4E1FE}.Debug|ARM.ActiveCfg = Debug|ARM
		{F7AAD20D-BCFA-4B17-A178-BD8606B4E1FE}.Debug|ARM.Build.0 = Debug|ARM
		{F7AAD20D-BCFA-4B17-A178-BD8606B4E1FE}.Debug|x64.ActiveCfg = Debug|x64
		{F7AAD20D-BCFA-4B17-A178-BD8606B4E1FE}.Debug|x64.Build.0 = Debug|x64
		{F7AAD20D-BCFA-4B17-A178-BD8606B4E1FE}.Debug|x86.ActiveCfg = Debug|Win32
		{F7AAD20D-BCFA-4B17-A178-BD8606B4E1FE}.Debug|x86.Build.0 = Debug|Win32
		{F7AAD20D-BCFA-4B17-A178-BD8606B4E1FE}.Release|ARM.ActiveCfg = Release|ARM
		{F7AAD20D-BCFA-4B17-A178-BD8606B4E1FE}.Release|ARM.Build.0 = Release|ARM
		{F7AAD20D-BCFA-4B17-A178-BD8606B4E1FE}.Release|x64.ActiveCfg = Release|x64
		{F7AAD20D-BCFA-4B17-A178-BD8606B4E1FE}.Release|x64.Build.0 = Release|x64
		{F7AAD20D-BCFA-4B17-A178-BD8606B4E1FE}.Release|x86.ActiveCfg = Release|Win32
		{F7AAD20D-BCFA-4B17-A178-BD8606B4E1FE}.Release|x86.Build.0 = Release|Win32
		{9DAF4DF3-0E31-4C55-B367-6992C35F89CE}.Debug|ARM.ActiveCfg = Debug|Win32
		{9DAF4DF3-0E31-4C55-B367-6992C35F89CE}.Debug|x64.ActiveCfg = Debug|x64
		{9DAF4DF3-0E31-4C55-B367-6992C35F89CE}.Debug|x64.Build.0 = Debug|x64
		{9DAF4DF3-0E31-4C55-B367-6992C35F89CE}.Debug|x86.ActiveCfg = Debug|Win32
		{9DAF4DF3-0E31-4C55-B367-6992C35F89CE}.Debug|x86.Build.0 = Debug|Win32
		{9DAF4DF3-0E31-4C55-B367-6992C35F89CE}.Release|ARM.ActiveCfg = Release|Win32
		{9DAF4DF3-0E31-4C55-B367-6992C35F89CE}.Release|x64.ActiveCfg = Release|x64
		{9DAF4DF3-0E31-4C55-B367-6992C35F89CE}.Release|x64.Build.0 = Release|x64
		{9DAF4DF3-0E31-4C55-B367-6992C35F89CE}.Release|x86.ActiveCfg = Release|Win32
		{9DAF4DF3-0E31-4C55-B367-6992C35F89CE}.Release|x86.Build.0 = Release|Win32
	EndGlobalSection
	GlobalSection(SolutionProperties) = preSolution
		HideSolutionNode = FALSE
	EndGlobalSection
EndGlobal
