<?xml version="1.0" encoding="utf-8"?>
<Project ToolsVersion="14.0" xmlns="http://schemas.microsoft.com/developer/msbuild/2003">
  <ItemGroup>
    <Filter Include="rsx">
      <UniqueIdentifier>{151c23cf-edbe-4ca4-9c6c-62d197083805}</UniqueIdentifier>
    </Filter>
  </ItemGroup>
  <ItemGroup>
    <ClInclude Include="rsx\rsx.h">
      <Filter>rsx</Filter>
    </ClInclude>
    <ClInclude Include="rsx\rsx_fragment_program.h">
      <Filter>rsx</Filter>
    </ClInclude>
    <ClInclude Include="rsx\rsx_fragment_program_decompiler.h">
      <Filter>rsx</Filter>
    </ClInclude>
    <ClInclude Include="rsx\rsx_glsl_fragment_program_decompiler.h">
      <Filter>rsx</Filter>
    </ClInclude>
    <ClInclude Include="rsx\rsx_glsl_vertex_program_decompiler.h">
      <Filter>rsx</Filter>
    </ClInclude>
    <ClInclude Include="rsx\rsx_vertex_program.h">
      <Filter>rsx</Filter>
    </ClInclude>
    <ClInclude Include="rsx\rsx_vertex_program_decompiler.h">
      <Filter>rsx</Filter>
    </ClInclude>
    <ClInclude Include="rsx\rsx_program_decompiler.h">
      <Filter>rsx</Filter>
    </ClInclude>
    <ClInclude Include="fmt.h" />
  </ItemGroup>
  <ItemGroup>
    <ClCompile Include="rsx\rsx_program_decompiler.cpp">
      <Filter>rsx</Filter>
    </ClCompile>
    <ClCompile Include="rsx\rsx_vertex_program_decompiler.cpp">
      <Filter>rsx</Filter>
    </ClCompile>
    <ClCompile Include="fmt.cpp" />
  </ItemGroup>
</Project>